version: 6
environments:
  default:
    channels:
    - url: https://conda.anaconda.org/conda-forge/
    options:
      pypi-prerelease-mode: if-necessary-or-explicit
    packages:
      linux-64:
      - conda: https://conda.anaconda.org/conda-forge/linux-64/_go_select-2.3.0-cgo.tar.bz2
      - conda: https://conda.anaconda.org/conda-forge/linux-64/_openmp_mutex-4.5-20_gnu.conda
      - conda: https://conda.anaconda.org/conda-forge/noarch/ca-certificates-2026.2.25-hbd8a1cb_0.conda
      - conda: https://conda.anaconda.org/conda-forge/linux-64/go-1.26.1-h282a287_0.conda
      - conda: https://conda.anaconda.org/conda-forge/linux-64/icu-78.2-h33c6efd_0.conda
      - conda: https://conda.anaconda.org/conda-forge/linux-64/libgcc-15.2.0-he0feb66_18.conda
      - conda: https://conda.anaconda.org/conda-forge/linux-64/libgfortran-15.2.0-h69a702a_18.conda
      - conda: https://conda.anaconda.org/conda-forge/linux-64/libgfortran5-15.2.0-h68bc16d_18.conda
      - conda: https://conda.anaconda.org/conda-forge/linux-64/libgomp-15.2.0-he0feb66_18.conda
      - conda: https://conda.anaconda.org/conda-forge/linux-64/libstdcxx-15.2.0-h934c35e_18.conda
      - conda: https://conda.anaconda.org/conda-forge/linux-64/libuv-1.51.0-hb03c661_1.conda
      - conda: https://conda.anaconda.org/conda-forge/linux-64/libzlib-1.3.1-hb9d3cd8_2.conda
      - conda: https://conda.anaconda.org/conda-forge/linux-64/nodejs-22.22.0-h273caaf_0.conda
      - conda: https://conda.anaconda.org/conda-forge/linux-64/openssl-3.6.1-h35e630c_1.conda
      - conda: https://conda.anaconda.org/conda-forge/linux-64/pnpm-10.32.1-h52a9d3b_0.conda
      osx-arm64:
      - conda: https://conda.anaconda.org/conda-forge/osx-arm64/_go_select-2.3.0-cgo.tar.bz2
      - conda: https://conda.anaconda.org/conda-forge/osx-arm64/_openmp_mutex-4.5-7_kmp_llvm.conda
      - conda: https://conda.anaconda.org/conda-forge/noarch/ca-certificates-2026.2.25-hbd8a1cb_0.conda
      - conda: https://conda.anaconda.org/conda-forge/osx-arm64/go-1.26.1-h94dcc77_0.conda
      - conda: https://conda.anaconda.org/conda-forge/osx-arm64/icu-78.2-hef89b57_0.conda
      - conda: https://conda.anaconda.org/conda-forge/osx-arm64/libcxx-22.1.1-h55c6f16_0.conda
      - conda: https://conda.anaconda.org/conda-forge/osx-arm64/libgcc-15.2.0-hcbb3090_18.conda
      - conda: https://conda.anaconda.org/conda-forge/osx-arm64/libgfortran-15.2.0-h07b0088_18.conda
      - conda: https://conda.anaconda.org/conda-forge/osx-arm64/libgfortran5-15.2.0-hdae7583_18.conda
      - conda: https://conda.anaconda.org/conda-forge/osx-arm64/libuv-1.51.0-h6caf38d_1.conda
      - conda: https://conda.anaconda.org/conda-forge/osx-arm64/libzlib-1.3.1-h8359307_2.conda
      - conda: https://conda.anaconda.org/conda-forge/osx-arm64/llvm-openmp-22.1.0-hc7d1edf_0.conda
      - conda: https://conda.anaconda.org/conda-forge/osx-arm64/nodejs-22.22.0-h2e6c367_0.conda
      - conda: https://conda.anaconda.org/conda-forge/osx-arm64/openssl-3.6.1-hd24854e_1.conda
      - conda: https://conda.anaconda.org/conda-forge/osx-arm64/pnpm-10.32.1-h803e193_0.conda
      win-64:
      - conda: https://conda.anaconda.org/conda-forge/win-64/_go_select-2.3.0-cgo.tar.bz2
      - conda: https://conda.anaconda.org/conda-forge/win-64/_openmp_mutex-4.5-20_gnu.conda
      - conda: https://conda.anaconda.org/conda-forge/win-64/go-1.26.1-h59133dd_0.conda
      - conda: https://conda.anaconda.org/conda-forge/win-64/libgcc-15.2.0-h8ee18e1_18.conda
      - conda: https://conda.anaconda.org/conda-forge/win-64/libgfortran-15.2.0-h719f0c7_18.conda
      - conda: https://conda.anaconda.org/conda-forge/win-64/libgfortran5-15.2.0-h44d81a7_18.conda
      - conda: https://conda.anaconda.org/conda-forge/win-64/libgomp-15.2.0-h8ee18e1_18.conda
      - conda: https://conda.anaconda.org/conda-forge/win-64/libstdcxx-15.2.0-hae5796f_18.conda
      - conda: https://conda.anaconda.org/conda-forge/win-64/libwinpthread-12.0.0.r4.gg4f2fc60ca-h57928b3_10.conda
      - conda: https://conda.anaconda.org/conda-forge/win-64/nodejs-22.22.0-he453025_0.conda
      - conda: https://conda.anaconda.org/conda-forge/win-64/pnpm-10.32.1-hd8ca5cc_0.conda
      - conda: https://conda.anaconda.org/conda-forge/win-64/ucrt-10.0.26100.0-h57928b3_0.conda
      - conda: https://conda.anaconda.org/conda-forge/win-64/vc-14.3-h41ae7f8_34.conda
      - conda: https://conda.anaconda.org/conda-forge/win-64/vc14_runtime-14.44.35208-h818238b_34.conda
      - conda: https://conda.anaconda.org/conda-forge/win-64/vcomp14-14.44.35208-h818238b_34.conda
packages:
- conda: https://conda.anaconda.org/conda-forge/linux-64/_go_select-2.3.0-cgo.tar.bz2
  sha256: d86836d4f3094b4ac149dcdc55f1f12be6e84ed1206a4234404a024e49769832
  md5: 76f94c0e00d08432e003a7b54a1adf53
  license: BSD-3-Clause
  license_family: BSD
  purls: []
  size: 4875
  timestamp: 1586504607438
- conda: https://conda.anaconda.org/conda-forge/osx-arm64/_go_select-2.3.0-cgo.tar.bz2
  sha256: 5cd5dd9817d0d671ad3e2f85c967b4dcd1a297a686b7d5820e625e2f4f962558
  md5: 79a39651abfce773c2948175d9b62986
  license: BSD-3-Clause
  license_family: BSD
  purls: []
  size: 5074
  timestamp: 1627073534014
- conda: https://conda.anaconda.org/conda-forge/win-64/_go_select-2.3.0-cgo.tar.bz2
  sha256: a54dfd3f55478ff1990346e56aeb21c272009a94251006bc57e9655f7959c2d2
  md5: ac9d4716aba72e6306745aaee8de14d7
  license: BSD-3-Clause
  license_family: BSD
  purls: []
  size: 4818
  timestamp: 1586504745340
- conda: https://conda.anaconda.org/conda-forge/linux-64/_openmp_mutex-4.5-20_gnu.conda
  build_number: 20
  sha256: 1dd3fffd892081df9726d7eb7e0dea6198962ba775bd88842135a4ddb4deb3c9
  md5: a9f577daf3de00bca7c3c76c0ecbd1de
  depends:
  - __glibc >=2.17,<3.0.a0
  - libgomp >=7.5.0
  constrains:
  - openmp_impl <0.0a0
  license: BSD-3-Clause
  license_family: BSD
  purls: []
  size: 28948
  timestamp: 1770939786096
- conda: https://conda.anaconda.org/conda-forge/osx-arm64/_openmp_mutex-4.5-7_kmp_llvm.conda
  build_number: 7
  sha256: 7acaa2e0782cad032bdaf756b536874346ac1375745fb250e9bdd6a48a7ab3cd
  md5: a44032f282e7d2acdeb1c240308052dd
  depends:
  - llvm-openmp >=9.0.1
  license: BSD-3-Clause
  license_family: BSD
  purls: []
  size: 8325
  timestamp: 1764092507920
- conda: https://conda.anaconda.org/conda-forge/win-64/_openmp_mutex-4.5-20_gnu.conda
  build_number: 20
  sha256: 8a1cee28bd0ee7451ada1cd50b64720e57e17ff994fc62dd8329bef570d382e4
  md5: 1626967b574d1784b578b52eaeb071e7
  depends:
  - libgomp >=7.5.0
  - libwinpthread >=12.0.0.r4.gg4f2fc60ca
  constrains:
  - openmp_impl <0.0a0
  - msys2-conda-epoch <0.0a0
  license: BSD-3-Clause
  license_family: BSD
  purls: []
  size: 52252
  timestamp: 1770943776666
- conda: https://conda.anaconda.org/conda-forge/noarch/ca-certificates-2026.2.25-hbd8a1cb_0.conda
  sha256: 67cc7101b36421c5913a1687ef1b99f85b5d6868da3abbf6ec1a4181e79782fc
  md5: 4492fd26db29495f0ba23f146cd5638d
  depends:
  - __unix
  license: ISC
  purls: []
  size: 147413
  timestamp: 1772006283803
- conda: https://conda.anaconda.org/conda-forge/linux-64/go-1.26.1-h282a287_0.conda
  sha256: e4d3a4b7dc7fc63cde4caa52dba1aedbf3a856c1ea087bc0e5c9a0a1cf667152
  md5: eb3fbc9ba6adf4ebe18ed89845c1c82b
  depends:
  - __glibc >=2.17,<3.0.a0
  - _go_select 2.3.0 cgo
  - libgcc >=14
  - libgfortran
  - libgfortran5 >=14.3.0
  - libstdcxx >=14
  constrains:
  - gfortran_linux-64 14.*
  - gxx_linux-64 14.*
  - gcc_linux-64 14.*
  license: BSD-3-Clause
  license_family: BSD
  purls: []
  size: 54508792
  timestamp: 1772812318491
- conda: https://conda.anaconda.org/conda-forge/osx-arm64/go-1.26.1-h94dcc77_0.conda
  sha256: ab80bbac46e590ed6ffdf53804a16290d9f16d0aae42c05e81a37fea80965c26
  md5: cdfd449bbd3e8090fb44ca2a11bd7e96
  depends:
  - __osx >=12.0
  - _go_select 2.3.0 cgo
  - libcxx >=19
  - libgfortran
  - libgfortran5 >=14.3.0
  constrains:
  - gfortran_osx-arm64 14.*
  - clang_osx-arm64 19.*
  - clangxx_osx-arm64 19.*
  license: BSD-3-Clause
  license_family: BSD
  purls: []
  size: 77972116
  timestamp: 1772813469112
- conda: https://conda.anaconda.org/conda-forge/win-64/go-1.26.1-h59133dd_0.conda
  sha256: 0670cccbce774e5a1b3b05789affd4c5b563816c01f73d2fd04400c5a9ccd369
  md5: 82fdd6e07b45474d6cab379efd7e8733
  depends:
  - _go_select 2.3.0 cgo
  - libgcc >=14
  - libgfortran
  - libgfortran5 >=14.3.0
  - libstdcxx >=14
  - libwinpthread >=12.0.0.r4.gg4f2fc60ca
  - ucrt >=10.0.20348.0
  constrains:
  - gfortran_win-64 14.*
  - gxx_win-64 14.*
  - gcc_win-64 14.*
  license: BSD-3-Clause
  license_family: BSD
  purls: []
  size: 55281380
  timestamp: 1772812584370
- conda: https://conda.anaconda.org/conda-forge/linux-64/icu-78.2-h33c6efd_0.conda
  sha256: 142a722072fa96cf16ff98eaaf641f54ab84744af81754c292cb81e0881c0329
  md5: 186a18e3ba246eccfc7cff00cd19a870
  depends:
  - __glibc >=2.17,<3.0.a0
  - libgcc >=14
  - libstdcxx >=14
  license: MIT
  license_family: MIT
  purls: []
  size: 12728445
  timestamp: 1767969922681
- conda: https://conda.anaconda.org/conda-forge/osx-arm64/icu-78.2-hef89b57_0.conda
  sha256: 24bc62335106c30fecbcc1dba62c5eba06d18b90ea1061abd111af7b9c89c2d7
  md5: 114e6bfe7c5ad2525eb3597acdbf2300
  depends:
  - __osx >=11.0
  license: MIT
  license_family: MIT
  purls: []
  size: 12389400
  timestamp: 1772209104304
- conda: https://conda.anaconda.org/conda-forge/osx-arm64/libcxx-22.1.1-h55c6f16_0.conda
  sha256: 3c8142cdd3109c250a926c492ec45bc954697b288e5d1154ada95272ffa21be8
  md5: 7a290d944bc0c481a55baf33fa289deb
  depends:
  - __osx >=11.0
  license: Apache-2.0 WITH LLVM-exception
  license_family: Apache
  purls: []
  size: 570281
  timestamp: 1773203613980
- conda: https://conda.anaconda.org/conda-forge/linux-64/libgcc-15.2.0-he0feb66_18.conda
  sha256: faf7d2017b4d718951e3a59d081eb09759152f93038479b768e3d612688f83f5
  md5: 0aa00f03f9e39fb9876085dee11a85d4
  depends:
  - __glibc >=2.17,<3.0.a0
  - _openmp_mutex >=4.5
  constrains:
  - libgcc-ng ==15.2.0=*_18
  - libgomp 15.2.0 he0feb66_18
  license: GPL-3.0-only WITH GCC-exception-3.1
  license_family: GPL
  purls: []
  size: 1041788
  timestamp: 1771378212382
- conda: https://conda.anaconda.org/conda-forge/osx-arm64/libgcc-15.2.0-hcbb3090_18.conda
  sha256: 1d9c4f35586adb71bcd23e31b68b7f3e4c4ab89914c26bed5f2859290be5560e
  md5: 92df6107310b1fff92c4cc84f0de247b
  depends:
  - _openmp_mutex
  constrains:
  - libgcc-ng ==15.2.0=*_18
  - libgomp 15.2.0 18
  license: GPL-3.0-only WITH GCC-exception-3.1
  license_family: GPL
  purls: []
  size: 401974
  timestamp: 1771378877463
- conda: https://conda.anaconda.org/conda-forge/win-64/libgcc-15.2.0-h8ee18e1_18.conda
  sha256: da2c96563c76b8c601746f03e03ac75d2b4640fa2ee017cb23d6c9fc31f1b2c6
  md5: b085746891cca3bd2704a450a7b4b5ce
  depends:
  - _openmp_mutex >=4.5
  - libwinpthread >=12.0.0.r4.gg4f2fc60ca
  constrains:
  - libgcc-ng ==15.2.0=*_18
  - msys2-conda-epoch <0.0a0
  - libgomp 15.2.0 h8ee18e1_18
  license: GPL-3.0-only WITH GCC-exception-3.1
  license_family: GPL
  purls: []
  size: 820022
  timestamp: 1771382190160
- conda: https://conda.anaconda.org/conda-forge/linux-64/libgfortran-15.2.0-h69a702a_18.conda
  sha256: d2c9fad338fd85e4487424865da8e74006ab2e2475bd788f624d7a39b2a72aee
  md5: 9063115da5bc35fdc3e1002e69b9ef6e
  depends:
  - libgfortran5 15.2.0 h68bc16d_18
  constrains:
  - libgfortran-ng ==15.2.0=*_18
  license: GPL-3.0-only WITH GCC-exception-3.1
  license_family: GPL
  purls: []
  size: 27523
  timestamp: 1771378269450
- conda: https://conda.anaconda.org/conda-forge/osx-arm64/libgfortran-15.2.0-h07b0088_18.conda
  sha256: 63f89087c3f0c8621c5c89ecceec1e56e5e1c84f65fc9c5feca33a07c570a836
  md5: 26981599908ed2205366e8fc91b37fc6
  depends:
  - libgfortran5 15.2.0 hdae7583_18
  constrains:
  - libgfortran-ng ==15.2.0=*_18
  license: GPL-3.0-only WITH GCC-exception-3.1
  license_family: GPL
  purls: []
  size: 138973
  timestamp: 1771379054939
- conda: https://conda.anaconda.org/conda-forge/win-64/libgfortran-15.2.0-h719f0c7_18.conda
  sha256: aca7b06123919fa2914ca6557e29a13798693a0b8197ea940f44c6ef3791547d
  md5: bf0b3ac60bade52e50fa0e20da8399e9
  depends:
  - libgfortran5 15.2.0 h44d81a7_18
  constrains:
  - libgfortran-ng ==15.2.0=*_18
  license: GPL-3.0-only WITH GCC-exception-3.1
  license_family: GPL
  purls: []
  size: 50956
  timestamp: 1771382412596
- conda: https://conda.anaconda.org/conda-forge/linux-64/libgfortran5-15.2.0-h68bc16d_18.conda
  sha256: 539b57cf50ec85509a94ba9949b7e30717839e4d694bc94f30d41c9d34de2d12
  md5: 646855f357199a12f02a87382d429b75
  depends:
  - __glibc >=2.17,<3.0.a0
  - libgcc >=15.2.0
  constrains:
  - libgfortran 15.2.0
  license: GPL-3.0-only WITH GCC-exception-3.1
  license_family: GPL
  purls: []
  size: 2482475
  timestamp: 1771378241063
- conda: https://conda.anaconda.org/conda-forge/osx-arm64/libgfortran5-15.2.0-hdae7583_18.conda
  sha256: 91033978ba25e6a60fb86843cf7e1f7dc8ad513f9689f991c9ddabfaf0361e7e
  md5: c4a6f7989cffb0544bfd9207b6789971
  depends:
  - libgcc >=15.2.0
  constrains:
  - libgfortran 15.2.0
  license: GPL-3.0-only WITH GCC-exception-3.1
  license_family: GPL
  purls: []
  size: 598634
  timestamp: 1771378886363
- conda: https://conda.anaconda.org/conda-forge/win-64/libgfortran5-15.2.0-h44d81a7_18.conda
  sha256: b79079a24744f6a8ca5677b118c7c4e5f784c7597f30d30a5e83623d69934fad
  md5: e15743e6fa6edad90a2024ec696cd166
  depends:
  - libgcc >=15.2.0
  - libwinpthread >=12.0.0.r4.gg4f2fc60ca
  constrains:
  - libgfortran 15.2.0
  license: GPL-3.0-only WITH GCC-exception-3.1
  license_family: GPL
  purls: []
  size: 2792235
  timestamp: 1771382204941
- conda: https://conda.anaconda.org/conda-forge/linux-64/libgomp-15.2.0-he0feb66_18.conda
  sha256: 21337ab58e5e0649d869ab168d4e609b033509de22521de1bfed0c031bfc5110
  md5: 239c5e9546c38a1e884d69effcf4c882
  depends:
  - __glibc >=2.17,<3.0.a0
  license: GPL-3.0-only WITH GCC-exception-3.1
  license_family: GPL
  purls: []
  size: 603262
  timestamp: 1771378117851
- conda: https://conda.anaconda.org/conda-forge/win-64/libgomp-15.2.0-h8ee18e1_18.conda
  sha256: 94981bc2e42374c737750895c6fdcfc43b7126c4fc788cad0ecc7281745931da
  md5: 939fb173e2a4d4e980ef689e99b35223
  depends:
  - libwinpthread >=12.0.0.r4.gg4f2fc60ca
  constrains:
  - msys2-conda-epoch <0.0a0
  license: GPL-3.0-only WITH GCC-exception-3.1
  license_family: GPL
  purls: []
  size: 663864
  timestamp: 1771382118742
- conda: https://conda.anaconda.org/conda-forge/linux-64/libstdcxx-15.2.0-h934c35e_18.conda
  sha256: 78668020064fdaa27e9ab65cd2997e2c837b564ab26ce3bf0e58a2ce1a525c6e
  md5: 1b08cd684f34175e4514474793d44bcb
  depends:
  - __glibc >=2.17,<3.0.a0
  - libgcc 15.2.0 he0feb66_18
  constrains:
  - libstdcxx-ng ==15.2.0=*_18
  license: GPL-3.0-only WITH GCC-exception-3.1
  license_family: GPL
  purls: []
  size: 5852330
  timestamp: 1771378262446
- conda: https://conda.anaconda.org/conda-forge/win-64/libstdcxx-15.2.0-hae5796f_18.conda
  sha256: 7134b90a850f0e14f15bd0f0218fd728f19cd5c58420a90c2f561f58272b8519
  md5: 7c09facd8f5aced6b4c146e1c4053e50
  depends:
  - libgcc 15.2.0 h8ee18e1_18
  - libwinpthread >=12.0.0.r4.gg4f2fc60ca
  constrains:
  - libstdcxx-ng ==15.2.0=*_18
  license: GPL-3.0-only WITH GCC-exception-3.1
  license_family: GPL
  purls: []
  size: 6462596
  timestamp: 1771382223989
- conda: https://conda.anaconda.org/conda-forge/linux-64/libuv-1.51.0-hb03c661_1.conda
  sha256: c180f4124a889ac343fc59d15558e93667d894a966ec6fdb61da1604481be26b
  md5: 0f03292cc56bf91a077a134ea8747118
  depends:
  - __glibc >=2.17,<3.0.a0
  - libgcc >=14
  license: MIT
  license_family: MIT
  purls: []
  size: 895108
  timestamp: 1753948278280
- conda: https://conda.anaconda.org/conda-forge/osx-arm64/libuv-1.51.0-h6caf38d_1.conda
  sha256: 042c7488ad97a5629ec0a991a8b2a3345599401ecc75ad6a5af73b60e6db9689
  md5: c0d87c3c8e075daf1daf6c31b53e8083
  depends:
  - __osx >=11.0
  license: MIT
  license_family: MIT
  purls: []
  size: 421195
  timestamp: 1753948426421
- conda: https://conda.anaconda.org/conda-forge/win-64/libwinpthread-12.0.0.r4.gg4f2fc60ca-h57928b3_10.conda
  sha256: 0fccf2d17026255b6e10ace1f191d0a2a18f2d65088fd02430be17c701f8ffe0
  md5: 8a86073cf3b343b87d03f41790d8b4e5
  depends:
  - ucrt
  constrains:
  - pthreads-win32 <0.0a0
  - msys2-conda-epoch <0.0a0
  license: MIT AND BSD-3-Clause-Clear
  purls: []
  size: 36621
  timestamp: 1759768399557
- conda: https://conda.anaconda.org/conda-forge/linux-64/libzlib-1.3.1-hb9d3cd8_2.conda
  sha256: d4bfe88d7cb447768e31650f06257995601f89076080e76df55e3112d4e47dc4
  md5: edb0dca6bc32e4f4789199455a1dbeb8
  depends:
  - __glibc >=2.17,<3.0.a0
  - libgcc >=13
  constrains:
  - zlib 1.3.1 *_2
  license: Zlib
  license_family: Other
  purls: []
  size: 60963
  timestamp: 1727963148474
- conda: https://conda.anaconda.org/conda-forge/osx-arm64/libzlib-1.3.1-h8359307_2.conda
  sha256: ce34669eadaba351cd54910743e6a2261b67009624dbc7daeeafdef93616711b
  md5: 369964e85dc26bfe78f41399b366c435
  depends:
  - __osx >=11.0
  constrains:
  - zlib 1.3.1 *_2
  license: Zlib
  license_family: Other
  purls: []
  size: 46438
  timestamp: 1727963202283
- conda: https://conda.anaconda.org/conda-forge/osx-arm64/llvm-openmp-22.1.0-hc7d1edf_0.conda
  sha256: 0daeedb3872ad0fdd6f0d7e7165c63488e8a315d7057907434145fba0c1e7b3d
  md5: ff0820b5588b20be3b858552ecf8ffae
  depends:
  - __osx >=11.0
  constrains:
  - openmp 22.1.0|22.1.0.*
  - intel-openmp <0.0a0
  license: Apache-2.0 WITH LLVM-exception
  license_family: APACHE
  purls: []
  size: 285558
  timestamp: 1772028716784
- conda: https://conda.anaconda.org/conda-forge/linux-64/nodejs-22.22.0-h273caaf_0.conda
  sha256: 87171637df7d8f7a6e83c2ca6946ba2db86822f582624533b91eaf65f6b53148
  md5: cd5569c2747e29a4bb46fb0f1236e1fb
  depends:
  - __glibc >=2.28,<3.0.a0
  - libgcc >=14
  - libstdcxx >=14
  - libuv >=1.51.0,<2.0a0
  - openssl >=3.5.5,<4.0a0
  - icu >=78.2,<79.0a0
  - libzlib >=1.3.1,<2.0a0
  license: MIT
  license_family: MIT
  purls: []
  size: 24193116
  timestamp: 1771356895847
- conda: https://conda.anaconda.org/conda-forge/osx-arm64/nodejs-22.22.0-h2e6c367_0.conda
  sha256: 38d6798c4abddd6e4c5f4ff67954aa5adf3e6a2ae33868362f0891fbb239a0ce
  md5: 4295660fe2557c2eedfca655b8c9bac9
  depends:
  - __osx >=11.0
  - libcxx >=19
  - libzlib >=1.3.1,<2.0a0
  - icu >=78.2,<79.0a0
  - libuv >=1.51.0,<2.0a0
  - openssl >=3.5.5,<4.0a0
  license: MIT
  license_family: MIT
  purls: []
  size: 16721357
  timestamp: 1771359804406
- conda: https://conda.anaconda.org/conda-forge/win-64/nodejs-22.22.0-he453025_0.conda
  sha256: 27e45a2b8051a270e3d1cd46b15316523324f3b7886b656e2f196a14af235333
  md5: d13dbd17682e13c1602e7eeff1f50614
  license: MIT
  license_family: MIT
  purls: []
  size: 29791983
  timestamp: 1771359794599
- conda: https://conda.anaconda.org/conda-forge/linux-64/openssl-3.6.1-h35e630c_1.conda
  sha256: 44c877f8af015332a5d12f5ff0fb20ca32f896526a7d0cdb30c769df1144fb5c
  md5: f61eb8cd60ff9057122a3d338b99c00f
  depends:
  - __glibc >=2.17,<3.0.a0
  - ca-certificates
  - libgcc >=14
  license: Apache-2.0
  license_family: Apache
  purls: []
  size: 3164551
  timestamp: 1769555830639
- conda: https://conda.anaconda.org/conda-forge/osx-arm64/openssl-3.6.1-hd24854e_1.conda
  sha256: 361f5c5e60052abc12bdd1b50d7a1a43e6a6653aab99a2263bf2288d709dcf67
  md5: f4f6ad63f98f64191c3e77c5f5f29d76
  depends:
  - __osx >=11.0
  - ca-certificates
  license: Apache-2.0
  license_family: Apache
  purls: []
  size: 3104268
  timestamp: 1769556384749
- conda: https://conda.anaconda.org/conda-forge/linux-64/pnpm-10.32.1-h52a9d3b_0.conda
  sha256: b2d1a464aba5bc70633f240558a30d2c034e15187de78f9f0424c01ab48a7f5a
  md5: 8c366a2e4fc21e4b8a95cd7a812a99d5
  depends:
  - nodejs
  - libstdcxx >=14
  - libgcc >=14
  - __glibc >=2.17,<3.0.a0
  - nodejs >=22.22.0,<23.0a0
  license: MIT
  license_family: MIT
  purls: []
  size: 3390286
  timestamp: 1773202416716
- conda: https://conda.anaconda.org/conda-forge/osx-arm64/pnpm-10.32.1-h803e193_0.conda
  sha256: ee58edb04febab7b135e458d187a5c798e58c6d83c1604ea3f4a9aab5183056c
  md5: e66b4e592f80c660f6b300160e2f412b
  depends:
  - nodejs
  - __osx >=11.0
  - libcxx >=19
  - nodejs >=22.22.0,<23.0a0
  license: MIT
  license_family: MIT
  purls: []
  size: 3395210
  timestamp: 1773202494713
- conda: https://conda.anaconda.org/conda-forge/win-64/pnpm-10.32.1-hd8ca5cc_0.conda
  sha256: 56e0592a044e73a266ed2c59ff88b1fa17b94a8a6aaa4b804515cb6cf37db622
  md5: 0421ff64d2277ed2886a8e1d0af05d6f
  depends:
  - nodejs
  - vc >=14.3,<15
  - vc14_runtime >=14.44.35208
  - ucrt >=10.0.20348.0
  - nodejs >=22.22.0,<23.0a0
  license: MIT
  license_family: MIT
  purls: []
  size: 3441332
  timestamp: 1773202463155
- conda: https://conda.anaconda.org/conda-forge/win-64/ucrt-10.0.26100.0-h57928b3_0.conda
  sha256: 3005729dce6f3d3f5ec91dfc49fc75a0095f9cd23bab49efb899657297ac91a5
  md5: 71b24316859acd00bdb8b38f5e2ce328
  constrains:
  - vc14_runtime >=14.29.30037
  - vs2015_runtime >=14.29.30037
  license: LicenseRef-MicrosoftWindowsSDK10
  purls: []
  size: 694692
  timestamp: 1756385147981
- conda: https://conda.anaconda.org/conda-forge/win-64/vc-14.3-h41ae7f8_34.conda
  sha256: 9dc40c2610a6e6727d635c62cced5ef30b7b30123f5ef67d6139e23d21744b3a
  md5: 1e610f2416b6acdd231c5f573d754a0f
  depends:
  - vc14_runtime >=14.44.35208
  track_features:
  - vc14
  license: BSD-3-Clause
  license_family: BSD
  purls: []
  size: 19356
  timestamp: 1767320221521
- conda: https://conda.anaconda.org/conda-forge/win-64/vc14_runtime-14.44.35208-h818238b_34.conda
  sha256: 02732f953292cce179de9b633e74928037fa3741eb5ef91c3f8bae4f761d32a5
  md5: 37eb311485d2d8b2c419449582046a42
  depends:
  - ucrt >=10.0.20348.0
  - vcomp14 14.44.35208 h818238b_34
  constrains:
  - vs2015_runtime 14.44.35208.* *_34
  license: LicenseRef-MicrosoftVisualCpp2015-2022Runtime
  license_family: Proprietary
  purls: []
  size: 683233
  timestamp: 1767320219644
- conda: https://conda.anaconda.org/conda-forge/win-64/vcomp14-14.44.35208-h818238b_34.conda
  sha256: 878d5d10318b119bd98ed3ed874bd467acbe21996e1d81597a1dbf8030ea0ce6
  md5: 242d9f25d2ae60c76b38a5e42858e51d
  depends:
  - ucrt >=10.0.20348.0
  constrains:
  - vs2015_runtime 14.44.35208.* *_34
  license: LicenseRef-MicrosoftVisualCpp2015-2022Runtime
  license_family: Proprietary
  purls: []
  size: 115235
  timestamp: 1767320173250
